
Microsoft Visual Studio Solution File, Format Version 12.00
# Visual Studio Version 16
VisualStudioVersion = 16.0.30114.105
MinimumVisualStudioVersion = 10.0.40219.1
Project("{2150E333-8FDC-42A3-9474-1A3956D46DE8}") = "Play.Catalog", "Play.Catalog", "{F0B5EF66-EF44-4032-97A9-3FEA13AB1296}"
EndProject
Project("{2150E333-8FDC-42A3-9474-1A3956D46DE8}") = "src", "src", "{8B83E20E-4E18-4CE8-BB4D-198C001E916C}"
EndProject
Project("{FAE04EC0-301F-11D3-BF4B-00C04F79EFBC}") = "Play.Catalog.Service", "Play.Catalog\src\Play.Catalog.Service\Play.Catalog.Service.csproj", "{D0280A4D-1EB4-48BA-AAC4-70C31B9F6E48}"
EndProject
Project("{2150E333-8FDC-42A3-9474-1A3956D46DE8}") = "test", "test", "{6444A61A-1036-464E-8371-F821318EE799}"
EndProject
Project("{FAE04EC0-301F-11D3-BF4B-00C04F79EFBC}") = "Play.Catalog.Service.Test", "Play.Catalog\test\Play.Catalog.Service.Test\Play.Catalog.Service.Test.csproj", "{BAE24A76-CB67-4FD8-9D07-3BFCADEAC6AC}"
EndProject
Project("{2150E333-8FDC-42A3-9474-1A3956D46DE8}") = "Play.Common", "Play.Common", "{7C1F8E61-36D8-4D8E-926A-D6E4103DD3FF}"
EndProject
Project("{2150E333-8FDC-42A3-9474-1A3956D46DE8}") = "src", "src", "{EDF0BBA3-F82C-41FC-BE12-1A4F63C18BC8}"
EndProject
Project("{FAE04EC0-301F-11D3-BF4B-00C04F79EFBC}") = "Play.Common", "Play.Common\src\Play.Common\Play.Common.csproj", "{D99D373E-A985-4336-AFC1-DDE52A0017EB}"
EndProject
Project("{2150E333-8FDC-42A3-9474-1A3956D46DE8}") = "Play.Inventory", "Play.Inventory", "{A9DFAC7B-B7C5-4AC0-BC09-5291A66691EC}"
EndProject
Project("{2150E333-8FDC-42A3-9474-1A3956D46DE8}") = "src", "src", "{11A3C8ED-295F-4A9E-AAB9-53766D3FAA8F}"
EndProject
Project("{FAE04EC0-301F-11D3-BF4B-00C04F79EFBC}") = "Play.Inventory.Service", "Play.Inventory\src\Play.Inventory.Service\Play.Inventory.Service.csproj", "{A075A85B-55B3-49AE-B2A3-E9E644083E92}"
EndProject
Project("{FAE04EC0-301F-11D3-BF4B-00C04F79EFBC}") = "Play.Catalog.Contracts", "Play.Catalog\src\Play.Catalog.Contracts\Play.Catalog.Contracts.csproj", "{C47AC148-1DB2-4E8C-87A6-B72B23ACFB67}"
EndProject
Global
	GlobalSection(SolutionConfigurationPlatforms) = preSolution
		Debug|Any CPU = Debug|Any CPU
		Debug|x64 = Debug|x64
		Debug|x86 = Debug|x86
		Release|Any CPU = Release|Any CPU
		Release|x64 = Release|x64
		Release|x86 = Release|x86
	EndGlobalSection
	GlobalSection(SolutionProperties) = preSolution
		HideSolutionNode = FALSE
	EndGlobalSection
	GlobalSection(ProjectConfigurationPlatforms) = postSolution
		{D0280A4D-1EB4-48BA-AAC4-70C31B9F6E48}.Debug|Any CPU.ActiveCfg = Debug|Any CPU
		{D0280A4D-1EB4-48BA-AAC4-70C31B9F6E48}.Debug|Any CPU.Build.0 = Debug|Any CPU
		{D0280A4D-1EB4-48BA-AAC4-70C31B9F6E48}.Debug|x64.ActiveCfg = Debug|Any CPU
		{D0280A4D-1EB4-48BA-AAC4-70C31B9F6E48}.Debug|x64.Build.0 = Debug|Any CPU
		{D0280A4D-1EB4-48BA-AAC4-70C31B9F6E48}.Debug|x86.ActiveCfg = Debug|Any CPU
		{D0280A4D-1EB4-48BA-AAC4-70C31B9F6E48}.Debug|x86.Build.0 = Debug|Any CPU
		{D0280A4D-1EB4-48BA-AAC4-70C31B9F6E48}.Release|Any CPU.ActiveCfg = Release|Any CPU
		{D0280A4D-1EB4-48BA-AAC4-70C31B9F6E48}.Release|Any CPU.Build.0 = Release|Any CPU
		{D0280A4D-1EB4-48BA-AAC4-70C31B9F6E48}.Release|x64.ActiveCfg = Release|Any CPU
		{D0280A4D-1EB4-48BA-AAC4-70C31B9F6E48}.Release|x64.Build.0 = Release|Any CPU
		{D0280A4D-1EB4-48BA-AAC4-70C31B9F6E48}.Release|x86.ActiveCfg = Release|Any CPU
		{D0280A4D-1EB4-48BA-AAC4-70C31B9F6E48}.Release|x86.Build.0 = Release|Any CPU
		{BAE24A76-CB67-4FD8-9D07-3BFCADEAC6AC}.Debug|Any CPU.ActiveCfg = Debug|Any CPU
		{BAE24A76-CB67-4FD8-9D07-3BFCADEAC6AC}.Debug|Any CPU.Build.0 = Debug|Any CPU
		{BAE24A76-CB67-4FD8-9D07-3BFCADEAC6AC}.Debug|x64.ActiveCfg = Debug|Any CPU
		{BAE24A76-CB67-4FD8-9D07-3BFCADEAC6AC}.Debug|x64.Build.0 = Debug|Any CPU
		{BAE24A76-CB67-4FD8-9D07-3BFCADEAC6AC}.Debug|x86.ActiveCfg = Debug|Any CPU
		{BAE24A76-CB67-4FD8-9D07-3BFCADEAC6AC}.Debug|x86.Build.0 = Debug|Any CPU
		{BAE24A76-CB67-4FD8-9D07-3BFCADEAC6AC}.Release|Any CPU.ActiveCfg = Release|Any CPU
		{BAE24A76-CB67-4FD8-9D07-3BFCADEAC6AC}.Release|Any CPU.Build.0 = Release|Any CPU
		{BAE24A76-CB67-4FD8-9D07-3BFCADEAC6AC}.Release|x64.ActiveCfg = Release|Any CPU
		{BAE24A76-CB67-4FD8-9D07-3BFCADEAC6AC}.Release|x64.Build.0 = Release|Any CPU
		{BAE24A76-CB67-4FD8-9D07-3BFCADEAC6AC}.Release|x86.ActiveCfg = Release|Any CPU
		{BAE24A76-CB67-4FD8-9D07-3BFCADEAC6AC}.Release|x86.Build.0 = Release|Any CPU
		{D99D373E-A985-4336-AFC1-DDE52A0017EB}.Debug|Any CPU.ActiveCfg = Debug|Any CPU
		{D99D373E-A985-4336-AFC1-DDE52A0017EB}.Debug|Any CPU.Build.0 = Debug|Any CPU
		{D99D373E-A985-4336-AFC1-DDE52A0017EB}.Debug|x64.ActiveCfg = Debug|Any CPU
		{D99D373E-A985-4336-AFC1-DDE52A0017EB}.Debug|x64.Build.0 = Debug|Any CPU
		{D99D373E-A985-4336-AFC1-DDE52A0017EB}.Debug|x86.ActiveCfg = Debug|Any CPU
		{D99D373E-A985-4336-AFC1-DDE52A0017EB}.Debug|x86.Build.0 = Debug|Any CPU
		{D99D373E-A985-4336-AFC1-DDE52A0017EB}.Release|Any CPU.ActiveCfg = Release|Any CPU
		{D99D373E-A985-4336-AFC1-DDE52A0017EB}.Release|Any CPU.Build.0 = Release|Any CPU
		{D99D373E-A985-4336-AFC1-DDE52A0017EB}.Release|x64.ActiveCfg = Release|Any CPU
		{D99D373E-A985-4336-AFC1-DDE52A0017EB}.Release|x64.Build.0 = Release|Any CPU
		{D99D373E-A985-4336-AFC1-DDE52A0017EB}.Release|x86.ActiveCfg = Release|Any CPU
		{D99D373E-A985-4336-AFC1-DDE52A0017EB}.Release|x86.Build.0 = Release|Any CPU
		{A075A85B-55B3-49AE-B2A3-E9E644083E92}.Debug|Any CPU.ActiveCfg = Debug|Any CPU
		{A075A85B-55B3-49AE-B2A3-E9E644083E92}.Debug|Any CPU.Build.0 = Debug|Any CPU
		{A075A85B-55B3-49AE-B2A3-E9E644083E92}.Debug|x64.ActiveCfg = Debug|Any CPU
		{A075A85B-55B3-49AE-B2A3-E9E644083E92}.Debug|x64.Build.0 = Debug|Any CPU
		{A075A85B-55B3-49AE-B2A3-E9E644083E92}.Debug|x86.ActiveCfg = Debug|Any CPU
		{A075A85B-55B3-49AE-B2A3-E9E644083E92}.Debug|x86.Build.0 = Debug|Any CPU
		{A075A85B-55B3-49AE-B2A3-E9E644083E92}.Release|Any CPU.ActiveCfg = Release|Any CPU
		{A075A85B-55B3-49AE-B2A3-E9E644083E92}.Release|Any CPU.Build.0 = Release|Any CPU
		{A075A85B-55B3-49AE-B2A3-E9E644083E92}.Release|x64.ActiveCfg = Release|Any CPU
		{A075A85B-55B3-49AE-B2A3-E9E644083E92}.Release|x64.Build.0 = Release|Any CPU
		{A075A85B-55B3-49AE-B2A3-E9E644083E92}.Release|x86.ActiveCfg = Release|Any CPU
		{A075A85B-55B3-49AE-B2A3-E9E644083E92}.Release|x86.Build.0 = Release|Any CPU
		{C47AC148-1DB2-4E8C-87A6-B72B23ACFB67}.Debug|Any CPU.ActiveCfg = Debug|Any CPU
		{C47AC148-1DB2-4E8C-87A6-B72B23ACFB67}.Debug|Any CPU.Build.0 = Debug|Any CPU
		{C47AC148-1DB2-4E8C-87A6-B72B23ACFB67}.Debug|x64.ActiveCfg = Debug|Any CPU
		{C47AC148-1DB2-4E8C-87A6-B72B23ACFB67}.Debug|x64.Build.0 = Debug|Any CPU
		{C47AC148-1DB2-4E8C-87A6-B72B23ACFB67}.Debug|x86.ActiveCfg = Debug|Any CPU
		{C47AC148-1DB2-4E8C-87A6-B72B23ACFB67}.Debug|x86.Build.0 = Debug|Any CPU
		{C47AC148-1DB2-4E8C-87A6-B72B23ACFB67}.Release|Any CPU.ActiveCfg = Release|Any CPU
		{C47AC148-1DB2-4E8C-87A6-B72B23ACFB67}.Release|Any CPU.Build.0 = Release|Any CPU
		{C47AC148-1DB2-4E8C-87A6-B72B23ACFB67}.Release|x64.ActiveCfg = Release|Any CPU
		{C47AC148-1DB2-4E8C-87A6-B72B23ACFB67}.Release|x64.Build.0 = Release|Any CPU
		{C47AC148-1DB2-4E8C-87A6-B72B23ACFB67}.Release|x86.ActiveCfg = Release|Any CPU
		{C47AC148-1DB2-4E8C-87A6-B72B23ACFB67}.Release|x86.Build.0 = Release|Any CPU
	EndGlobalSection
	GlobalSection(NestedProjects) = preSolution
		{8B83E20E-4E18-4CE8-BB4D-198C001E916C} = {F0B5EF66-EF44-4032-97A9-3FEA13AB1296}
		{D0280A4D-1EB4-48BA-AAC4-70C31B9F6E48} = {8B83E20E-4E18-4CE8-BB4D-198C001E916C}
		{6444A61A-1036-464E-8371-F821318EE799} = {F0B5EF66-EF44-4032-97A9-3FEA13AB1296}
		{BAE24A76-CB67-4FD8-9D07-3BFCADEAC6AC} = {6444A61A-1036-464E-8371-F821318EE799}
		{EDF0BBA3-F82C-41FC-BE12-1A4F63C18BC8} = {7C1F8E61-36D8-4D8E-926A-D6E4103DD3FF}
		{D99D373E-A985-4336-AFC1-DDE52A0017EB} = {EDF0BBA3-F82C-41FC-BE12-1A4F63C18BC8}
		{11A3C8ED-295F-4A9E-AAB9-53766D3FAA8F} = {A9DFAC7B-B7C5-4AC0-BC09-5291A66691EC}
		{A075A85B-55B3-49AE-B2A3-E9E644083E92} = {11A3C8ED-295F-4A9E-AAB9-53766D3FAA8F}
		{C47AC148-1DB2-4E8C-87A6-B72B23ACFB67} = {8B83E20E-4E18-4CE8-BB4D-198C001E916C}
	EndGlobalSection
EndGlobal
